{
  "nodes": {
    "benpkgs": {
      "inputs": {
        "nixpkgs": "nixpkgs"
      },
      "locked": {
        "lastModified": 1638237664,
        "narHash": "sha256-9SkZPl1EZ1ezWZoMdhYOzPm2HK0Ca5hkfphjlPNk/FY=",
        "owner": "BentonEdmondson",
        "repo": "benpkgs",
        "rev": "da71a3a488de3ae7ab8daff2c2a9354d2f0464bf",
        "type": "github"
      },
      "original": {
        "owner": "BentonEdmondson",
        "repo": "benpkgs",
        "type": "github"
      }
    },
    "knock": {
      "inputs": {
        "benpkgs": "benpkgs",
        "nixpkgs": "nixpkgs_2",
        "rmdrm": "rmdrm"
      },
      "locked": {
        "lastModified": 1638655094,
        "narHash": "sha256-u1lo61TC7n3D/dQms5Hd0r8xAhr0LjbOZC9Qtk+dkQw=",
        "owner": "BentonEdmondson",
        "repo": "knock",
        "rev": "8fd6244db8b895d96ae1d6da5aaea4c2eb0f48ff",
        "type": "github"
      },
      "original": {
        "owner": "BentonEdmondson",
        "repo": "knock",
        "type": "github"
      }
    },
    "nixpkgs": {
      "locked": {
        "lastModified": 1638198142,
        "narHash": "sha256-plU9b8r4St6q4U7VHtG9V7oF8k9fIpfXl/KDaZLuY9k=",
        "owner": "NixOS",
        "repo": "nixpkgs",
        "rev": "8a308775674e178495767df90c419425474582a1",
        "type": "github"
      },
      "original": {
        "owner": "NixOS",
        "ref": "nixos-unstable",
        "repo": "nixpkgs",
        "type": "github"
      }
    },
    "nixpkgs_2": {
      "locked": {
        "lastModified": 1638198142,
        "narHash": "sha256-plU9b8r4St6q4U7VHtG9V7oF8k9fIpfXl/KDaZLuY9k=",
        "owner": "NixOS",
        "repo": "nixpkgs",
        "rev": "8a308775674e178495767df90c419425474582a1",
        "type": "github"
      },
      "original": {
        "owner": "NixOS",
        "ref": "nixos-unstable",
        "repo": "nixpkgs",
        "type": "github"
      }
    },
    "nixpkgs_3": {
      "locked": {
        "lastModified": 1638198142,
        "narHash": "sha256-plU9b8r4St6q4U7VHtG9V7oF8k9fIpfXl/KDaZLuY9k=",
        "owner": "NixOS",
        "repo": "nixpkgs",
        "rev": "8a308775674e178495767df90c419425474582a1",
        "type": "github"
      },
      "original": {
        "owner": "NixOS",
        "ref": "nixos-unstable",
        "repo": "nixpkgs",
        "type": "github"
      }
    },
    "rmdrm": {
      "inputs": {
        "nixpkgs": "nixpkgs_3"
      },
      "locked": {
        "lastModified": 1642674596,
        "narHash": "sha256-6cNs7yCAGHQfBfmJtiPk7Ve4OXYOgBCxI+zS6MInITo=",
        "owner": "jfly",
        "repo": "rmdrm",
        "rev": "13d2a0bcc29240b348bc8b358e34dafcd8c738a1",
        "type": "github"
      },
      "original": {
        "owner": "BentonEdmondson",
        "repo": "rmdrm",
        "type": "github"
      }
    },
    "root": {
      "inputs": {
        "knock": "knock"
      }
    }
  },
  "root": "root",
  "version": 7
}
